
Microsoft Visual Studio Solution File, Format Version 12.00
# Visual Studio 15
VisualStudioVersion = 15.0.28307.902
MinimumVisualStudioVersion = 10.0.40219.1
Project("{8BC9CEB8-8B4A-11D0-8D11-00A0C91BC942}") = "InsertionSortAssemblyandC", "InsertionSortAssemblyandC\InsertionSortAssemblyandC.vcxproj", "{F41A5D4A-0C46-4EB7-81A2-86CCB489FD88}"
EndProject
Global
	GlobalSection(SolutionConfigurationPlatforms) = preSolution
		Debug|x64 = Debug|x64
		Debug|x86 = Debug|x86
		Release|x64 = Release|x64
		Release|x86 = Release|x86
	EndGlobalSection
	GlobalSection(ProjectConfigurationPlatforms) = postSolution
		{F41A5D4A-0C46-4EB7-81A2-86CCB489FD88}.Debug|x64.ActiveCfg = Debug|x64
		{F41A5D4A-0C46-4EB7-81A2-86CCB489FD88}.Debug|x64.Build.0 = Debug|x64
		{F41A5D4A-0C46-4EB7-81A2-86CCB489FD88}.Debug|x86.ActiveCfg = Debug|Win32
		{F41A5D4A-0C46-4EB7-81A2-86CCB489FD88}.Debug|x86.Build.0 = Debug|Win32
		{F41A5D4A-0C46-4EB7-81A2-86CCB489FD88}.Release|x64.ActiveCfg = Release|x64
		{F41A5D4A-0C46-4EB7-81A2-86CCB489FD88}.Release|x64.Build.0 = Release|x64
		{F41A5D4A-0C46-4EB7-81A2-86CCB489FD88}.Release|x86.ActiveCfg = Release|Win32
		{F41A5D4A-0C46-4EB7-81A2-86CCB489FD88}.Release|x86.Build.0 = Release|Win32
	EndGlobalSection
	GlobalSection(SolutionProperties) = preSolution
		HideSolutionNode = FALSE
	EndGlobalSection
	GlobalSection(ExtensibilityGlobals) = postSolution
		SolutionGuid = {529AE9D6-5379-4B38-9A41-CBFF9ECEC594}
	EndGlobalSection
EndGlobal
